
Microsoft Visual Studio Solution File, Format Version 12.00
# Visual Studio Version 16
VisualStudioVersion = 16.0.29806.167
MinimumVisualStudioVersion = 10.0.40219.1
Project("{8BC9CEB8-8B4A-11D0-8D11-00A0C91BC942}") = "CodingAlgoTest", "CodingAlgoTest\CodingAlgoTest.vcxproj", "{87DEDD91-48B4-40B9-BBE3-C25A051199A7}"
EndProject
Project("{8BC9CEB8-8B4A-11D0-8D11-00A0C91BC942}") = "65_DFS", "65_DFS\65_DFS.vcxproj", "{A2DCDFFE-6297-44EC-A490-3AB86480905A}"
EndProject
Project("{8BC9CEB8-8B4A-11D0-8D11-00A0C91BC942}") = "68_DFS_가중치_방향그래프_인접리스트", "68_DFS_가중치_방향그래프_인접리스트\68_DFS_가중치_방향그래프_인접리스트.vcxproj", "{CE3EF2AD-845E-437B-AEEC-458CB70ED336}"
EndProject
Project("{8BC9CEB8-8B4A-11D0-8D11-00A0C91BC942}") = "69_BFS", "69_BFS\69_BFS.vcxproj", "{5CDB0757-96F9-4517-89CC-3ED2A086A451}"
EndProject
Project("{8BC9CEB8-8B4A-11D0-8D11-00A0C91BC942}") = "70_BFS_그래프_목적지까지의_모든경로_출력", "70_BFS_그래프_목적지까지의_모든경로_출력\70_BFS_그래프_목적지까지의_모든경로_출력.vcxproj", "{45182BC5-8D11-414D-993F-09FC23C5B5F0}"
EndProject
Project("{8BC9CEB8-8B4A-11D0-8D11-00A0C91BC942}") = "70_이번에는_Queue_STL_이용해서풀기", "70_이번에는_Queue_STL_이용해서풀기\70_이번에는_Queue_STL_이용해서풀기.vcxproj", "{8AB1F87A-E1E5-4231-9D49-D6E46D63B9C7}"
EndProject
Project("{8BC9CEB8-8B4A-11D0-8D11-00A0C91BC942}") = "71_BFS_송아지_찾기", "71_BFS_송아지_찾기\71_BFS_송아지_찾기.vcxproj", "{DE5F595F-9695-4E7D-9384-7843AACA4731}"
EndProject
Global
	GlobalSection(SolutionConfigurationPlatforms) = preSolution
		Debug|x64 = Debug|x64
		Debug|x86 = Debug|x86
		Release|x64 = Release|x64
		Release|x86 = Release|x86
	EndGlobalSection
	GlobalSection(ProjectConfigurationPlatforms) = postSolution
		{87DEDD91-48B4-40B9-BBE3-C25A051199A7}.Debug|x64.ActiveCfg = Debug|x64
		{87DEDD91-48B4-40B9-BBE3-C25A051199A7}.Debug|x64.Build.0 = Debug|x64
		{87DEDD91-48B4-40B9-BBE3-C25A051199A7}.Debug|x86.ActiveCfg = Debug|Win32
		{87DEDD91-48B4-40B9-BBE3-C25A051199A7}.Debug|x86.Build.0 = Debug|Win32
		{87DEDD91-48B4-40B9-BBE3-C25A051199A7}.Release|x64.ActiveCfg = Release|x64
		{87DEDD91-48B4-40B9-BBE3-C25A051199A7}.Release|x64.Build.0 = Release|x64
		{87DEDD91-48B4-40B9-BBE3-C25A051199A7}.Release|x86.ActiveCfg = Release|Win32
		{87DEDD91-48B4-40B9-BBE3-C25A051199A7}.Release|x86.Build.0 = Release|Win32
		{A2DCDFFE-6297-44EC-A490-3AB86480905A}.Debug|x64.ActiveCfg = Debug|x64
		{A2DCDFFE-6297-44EC-A490-3AB86480905A}.Debug|x64.Build.0 = Debug|x64
		{A2DCDFFE-6297-44EC-A490-3AB86480905A}.Debug|x86.ActiveCfg = Debug|Win32
		{A2DCDFFE-6297-44EC-A490-3AB86480905A}.Debug|x86.Build.0 = Debug|Win32
		{A2DCDFFE-6297-44EC-A490-3AB86480905A}.Release|x64.ActiveCfg = Release|x64
		{A2DCDFFE-6297-44EC-A490-3AB86480905A}.Release|x64.Build.0 = Release|x64
		{A2DCDFFE-6297-44EC-A490-3AB86480905A}.Release|x86.ActiveCfg = Release|Win32
		{A2DCDFFE-6297-44EC-A490-3AB86480905A}.Release|x86.Build.0 = Release|Win32
		{CE3EF2AD-845E-437B-AEEC-458CB70ED336}.Debug|x64.ActiveCfg = Debug|x64
		{CE3EF2AD-845E-437B-AEEC-458CB70ED336}.Debug|x64.Build.0 = Debug|x64
		{CE3EF2AD-845E-437B-AEEC-458CB70ED336}.Debug|x86.ActiveCfg = Debug|Win32
		{CE3EF2AD-845E-437B-AEEC-458CB70ED336}.Debug|x86.Build.0 = Debug|Win32
		{CE3EF2AD-845E-437B-AEEC-458CB70ED336}.Release|x64.ActiveCfg = Release|x64
		{CE3EF2AD-845E-437B-AEEC-458CB70ED336}.Release|x64.Build.0 = Release|x64
		{CE3EF2AD-845E-437B-AEEC-458CB70ED336}.Release|x86.ActiveCfg = Release|Win32
		{CE3EF2AD-845E-437B-AEEC-458CB70ED336}.Release|x86.Build.0 = Release|Win32
		{5CDB0757-96F9-4517-89CC-3ED2A086A451}.Debug|x64.ActiveCfg = Debug|x64
		{5CDB0757-96F9-4517-89CC-3ED2A086A451}.Debug|x64.Build.0 = Debug|x64
		{5CDB0757-96F9-4517-89CC-3ED2A086A451}.Debug|x86.ActiveCfg = Debug|Win32
		{5CDB0757-96F9-4517-89CC-3ED2A086A451}.Debug|x86.Build.0 = Debug|Win32
		{5CDB0757-96F9-4517-89CC-3ED2A086A451}.Release|x64.ActiveCfg = Release|x64
		{5CDB0757-96F9-4517-89CC-3ED2A086A451}.Release|x64.Build.0 = Release|x64
		{5CDB0757-96F9-4517-89CC-3ED2A086A451}.Release|x86.ActiveCfg = Release|Win32
		{5CDB0757-96F9-4517-89CC-3ED2A086A451}.Release|x86.Build.0 = Release|Win32
		{45182BC5-8D11-414D-993F-09FC23C5B5F0}.Debug|x64.ActiveCfg = Debug|x64
		{45182BC5-8D11-414D-993F-09FC23C5B5F0}.Debug|x64.Build.0 = Debug|x64
		{45182BC5-8D11-414D-993F-09FC23C5B5F0}.Debug|x86.ActiveCfg = Debug|Win32
		{45182BC5-8D11-414D-993F-09FC23C5B5F0}.Debug|x86.Build.0 = Debug|Win32
		{45182BC5-8D11-414D-993F-09FC23C5B5F0}.Release|x64.ActiveCfg = Release|x64
		{45182BC5-8D11-414D-993F-09FC23C5B5F0}.Release|x64.Build.0 = Release|x64
		{45182BC5-8D11-414D-993F-09FC23C5B5F0}.Release|x86.ActiveCfg = Release|Win32
		{45182BC5-8D11-414D-993F-09FC23C5B5F0}.Release|x86.Build.0 = Release|Win32
		{8AB1F87A-E1E5-4231-9D49-D6E46D63B9C7}.Debug|x64.ActiveCfg = Debug|x64
		{8AB1F87A-E1E5-4231-9D49-D6E46D63B9C7}.Debug|x64.Build.0 = Debug|x64
		{8AB1F87A-E1E5-4231-9D49-D6E46D63B9C7}.Debug|x86.ActiveCfg = Debug|Win32
		{8AB1F87A-E1E5-4231-9D49-D6E46D63B9C7}.Debug|x86.Build.0 = Debug|Win32
		{8AB1F87A-E1E5-4231-9D49-D6E46D63B9C7}.Release|x64.ActiveCfg = Release|x64
		{8AB1F87A-E1E5-4231-9D49-D6E46D63B9C7}.Release|x64.Build.0 = Release|x64
		{8AB1F87A-E1E5-4231-9D49-D6E46D63B9C7}.Release|x86.ActiveCfg = Release|Win32
		{8AB1F87A-E1E5-4231-9D49-D6E46D63B9C7}.Release|x86.Build.0 = Release|Win32
		{DE5F595F-9695-4E7D-9384-7843AACA4731}.Debug|x64.ActiveCfg = Debug|x64
		{DE5F595F-9695-4E7D-9384-7843AACA4731}.Debug|x64.Build.0 = Debug|x64
		{DE5F595F-9695-4E7D-9384-7843AACA4731}.Debug|x86.ActiveCfg = Debug|Win32
		{DE5F595F-9695-4E7D-9384-7843AACA4731}.Debug|x86.Build.0 = Debug|Win32
		{DE5F595F-9695-4E7D-9384-7843AACA4731}.Release|x64.ActiveCfg = Release|x64
		{DE5F595F-9695-4E7D-9384-7843AACA4731}.Release|x64.Build.0 = Release|x64
		{DE5F595F-9695-4E7D-9384-7843AACA4731}.Release|x86.ActiveCfg = Release|Win32
		{DE5F595F-9695-4E7D-9384-7843AACA4731}.Release|x86.Build.0 = Release|Win32
	EndGlobalSection
	GlobalSection(SolutionProperties) = preSolution
		HideSolutionNode = FALSE
	EndGlobalSection
	GlobalSection(ExtensibilityGlobals) = postSolution
		SolutionGuid = {8D2509DE-C8C9-48D7-BB5B-FC5985D8FDC3}
	EndGlobalSection
EndGlobal
